
Microsoft Visual Studio Solution File, Format Version 12.00
# Visual Studio Version 17
VisualStudioVersion = 17.14.36408.4 d17.14
MinimumVisualStudioVersion = 10.0.40219.1
Project("{FAE04EC0-301F-11D3-BF4B-00C04F79EFBC}") = "server.Api", "server\server.Api.csproj", "{0614CE05-5244-47FC-A858-C43DBB100F7D}"
EndProject
Project("{FAE04EC0-301F-11D3-BF4B-00C04F79EFBC}") = "server.Data", "server.Data\server.Data.csproj", "{799AB4F4-1E62-4E28-9DD7-F7D53D320278}"
EndProject
Project("{FAE04EC0-301F-11D3-BF4B-00C04F79EFBC}") = "server.Business", "server.Business\server.Business.csproj", "{263EA8AD-7F41-485F-BE95-1BF78037DCB5}"
EndProject
Global
	GlobalSection(SolutionConfigurationPlatforms) = preSolution
		Debug|Any CPU = Debug|Any CPU
		Release|Any CPU = Release|Any CPU
	EndGlobalSection
	GlobalSection(ProjectConfigurationPlatforms) = postSolution
		{0614CE05-5244-47FC-A858-C43DBB100F7D}.Debug|Any CPU.ActiveCfg = Debug|Any CPU
		{0614CE05-5244-47FC-A858-C43DBB100F7D}.Debug|Any CPU.Build.0 = Debug|Any CPU
		{0614CE05-5244-47FC-A858-C43DBB100F7D}.Release|Any CPU.ActiveCfg = Release|Any CPU
		{0614CE05-5244-47FC-A858-C43DBB100F7D}.Release|Any CPU.Build.0 = Release|Any CPU
		{799AB4F4-1E62-4E28-9DD7-F7D53D320278}.Debug|Any CPU.ActiveCfg = Debug|Any CPU
		{799AB4F4-1E62-4E28-9DD7-F7D53D320278}.Debug|Any CPU.Build.0 = Debug|Any CPU
		{799AB4F4-1E62-4E28-9DD7-F7D53D320278}.Release|Any CPU.ActiveCfg = Release|Any CPU
		{799AB4F4-1E62-4E28-9DD7-F7D53D320278}.Release|Any CPU.Build.0 = Release|Any CPU
		{263EA8AD-7F41-485F-BE95-1BF78037DCB5}.Debug|Any CPU.ActiveCfg = Debug|Any CPU
		{263EA8AD-7F41-485F-BE95-1BF78037DCB5}.Debug|Any CPU.Build.0 = Debug|Any CPU
		{263EA8AD-7F41-485F-BE95-1BF78037DCB5}.Release|Any CPU.ActiveCfg = Release|Any CPU
		{263EA8AD-7F41-485F-BE95-1BF78037DCB5}.Release|Any CPU.Build.0 = Release|Any CPU
	EndGlobalSection
	GlobalSection(SolutionProperties) = preSolution
		HideSolutionNode = FALSE
	EndGlobalSection
	GlobalSection(ExtensibilityGlobals) = postSolution
		SolutionGuid = {3DB9A56E-E039-43D8-8BF3-DE05009E63C9}
	EndGlobalSection
EndGlobal
